
Microsoft Visual Studio Solution File, Format Version 12.00
# Visual Studio 15
VisualStudioVersion = 15.0.27130.2027
MinimumVisualStudioVersion = 10.0.40219.1
Project("{E24C65DC-7377-472B-9ABA-BC803B73C61A}") = "淘宝(1)", ".", "{30724B1E-6A11-4D9C-92FD-2F7759B40BCF}"
	ProjectSection(WebsiteProperties) = preProject
		TargetFrameworkMoniker = ".NETFramework,Version%3Dv4.5"
		Debug.AspNetCompiler.VirtualPath = "/localhost_52412"
		Debug.AspNetCompiler.PhysicalPath = "D:\VS\网站\淘宝\"
		Debug.AspNetCompiler.TargetPath = "PrecompiledWeb\localhost_52412\"
		Debug.AspNetCompiler.Updateable = "true"
		Debug.AspNetCompiler.ForceOverwrite = "true"
		Debug.AspNetCompiler.FixedNames = "false"
		Debug.AspNetCompiler.Debug = "True"
		Release.AspNetCompiler.VirtualPath = "/localhost_52412"
		Release.AspNetCompiler.PhysicalPath = "D:\VS\网站\淘宝\"
		Release.AspNetCompiler.TargetPath = "PrecompiledWeb\localhost_52412\"
		Release.AspNetCompiler.Updateable = "true"
		Release.AspNetCompiler.ForceOverwrite = "true"
		Release.AspNetCompiler.FixedNames = "false"
		Release.AspNetCompiler.Debug = "False"
		VWDPort = "52412"
	EndProjectSection
EndProject
Global
	GlobalSection(SolutionConfigurationPlatforms) = preSolution
		Debug|Any CPU = Debug|Any CPU
	EndGlobalSection
	GlobalSection(ProjectConfigurationPlatforms) = postSolution
		{30724B1E-6A11-4D9C-92FD-2F7759B40BCF}.Debug|Any CPU.ActiveCfg = Debug|Any CPU
		{30724B1E-6A11-4D9C-92FD-2F7759B40BCF}.Debug|Any CPU.Build.0 = Debug|Any CPU
	EndGlobalSection
	GlobalSection(SolutionProperties) = preSolution
		HideSolutionNode = FALSE
	EndGlobalSection
	GlobalSection(ExtensibilityGlobals) = postSolution
		SolutionGuid = {8FD013AA-01AC-4F0C-8045-92E557D64E8C}
	EndGlobalSection
EndGlobal
